github.com/PelicanPlatform/classad v0.0.4 h1:CKRLqSe+6tTvYELE/P1uYYugse8aAMKAnb+IC5HDqIU=
github.com/PelicanPlatform/classad v0.0.4/go.mod h1:z1d5dXdX+1pxBi8f8Ab/yCX8zKyiLam9CtQHSykMlWQ=
golang.org/x/crypto v0.43.0 h1:dduJYIi3A3KOfdGOHX8AVZ/jGiyPa3IbBozJ5kNuE04=
golang.org/x/crypto v0.43.0/go.mod h1:BFbav4mRNlXJL4wNeejLpWxB7wMbc79PdRGhWKncxR0=
